
Microsoft Visual Studio Solution File, Format Version 12.00
# Visual Studio Version 16
VisualStudioVersion = 16.0.32630.194
MinimumVisualStudioVersion = 10.0.40219.1
Project("{FAE04EC0-301F-11D3-BF4B-00C04F79EFBC}") = "Calculator", "Calculator.csproj", "{B23B81FD-8D90-4397-A0C3-56B1CD264021}"
EndProject
Global
	GlobalSection(SolutionConfigurationPlatforms) = preSolution
		Debug|Any CPU = Debug|Any CPU
		Release|Any CPU = Release|Any CPU
	EndGlobalSection
	GlobalSection(ProjectConfigurationPlatforms) = postSolution
		{B23B81FD-8D90-4397-A0C3-56B1CD264021}.Debug|Any CPU.ActiveCfg = Debug|Any CPU
		{B23B81FD-8D90-4397-A0C3-56B1CD264021}.Debug|Any CPU.Build.0 = Debug|Any CPU
		{B23B81FD-8D90-4397-A0C3-56B1CD264021}.Release|Any CPU.ActiveCfg = Release|Any CPU
		{B23B81FD-8D90-4397-A0C3-56B1CD264021}.Release|Any CPU.Build.0 = Release|Any CPU
	EndGlobalSection
	GlobalSection(SolutionProperties) = preSolution
		HideSolutionNode = FALSE
	EndGlobalSection
	GlobalSection(ExtensibilityGlobals) = postSolution
		SolutionGuid = {0DCA0083-6B37-47D4-AD10-D0A0C01FEC7E}
	EndGlobalSection
EndGlobal
